
Microsoft Visual Studio Solution File, Format Version 12.00
# Visual Studio Version 16
VisualStudioVersion = 16.0.29326.143
MinimumVisualStudioVersion = 10.0.40219.1
Project("{9A19103F-16F7-4668-BE54-9A1E7A4F7556}") = "WebApiProjects", "WebApiProjects\WebApiProjects.csproj", "{3DA1267A-0E51-486E-A2AA-0C89DF21E425}"
EndProject
Project("{FAE04EC0-301F-11D3-BF4B-00C04F79EFBC}") = "SpaWebApplication", "SpaWebApplication\SpaWebApplication.csproj", "{B92F9D0C-E29B-40DB-9DC7-F5FC527919EA}"
EndProject
Global
	GlobalSection(SolutionConfigurationPlatforms) = preSolution
		Debug|Any CPU = Debug|Any CPU
		Release|Any CPU = Release|Any CPU
	EndGlobalSection
	GlobalSection(ProjectConfigurationPlatforms) = postSolution
		{3DA1267A-0E51-486E-A2AA-0C89DF21E425}.Debug|Any CPU.ActiveCfg = Debug|Any CPU
		{3DA1267A-0E51-486E-A2AA-0C89DF21E425}.Debug|Any CPU.Build.0 = Debug|Any CPU
		{3DA1267A-0E51-486E-A2AA-0C89DF21E425}.Release|Any CPU.ActiveCfg = Release|Any CPU
		{3DA1267A-0E51-486E-A2AA-0C89DF21E425}.Release|Any CPU.Build.0 = Release|Any CPU
		{B92F9D0C-E29B-40DB-9DC7-F5FC527919EA}.Debug|Any CPU.ActiveCfg = Debug|Any CPU
		{B92F9D0C-E29B-40DB-9DC7-F5FC527919EA}.Debug|Any CPU.Build.0 = Debug|Any CPU
		{B92F9D0C-E29B-40DB-9DC7-F5FC527919EA}.Release|Any CPU.ActiveCfg = Release|Any CPU
		{B92F9D0C-E29B-40DB-9DC7-F5FC527919EA}.Release|Any CPU.Build.0 = Release|Any CPU
	EndGlobalSection
	GlobalSection(SolutionProperties) = preSolution
		HideSolutionNode = FALSE
	EndGlobalSection
	GlobalSection(ExtensibilityGlobals) = postSolution
		SolutionGuid = {06BDDB22-9473-4336-9841-8D787BCD82EC}
	EndGlobalSection
EndGlobal
